{
    "_meta": {
        "hash": {
            "sha256": "8fd0ad3b1dcb255116c7e406d9becacce14a209e58d967017f93c4e771e7205d"
        },
        "pipfile-spec": 6,
        "requires": {
            "python_version": "3.8"
        },
        "sources": [
            {
                "name": "pypi",
                "url": "https://pypi.org/simple",
                "verify_ssl": true
            }
        ]
    },
    "default": {
        "oandapyv20": {
            "hashes": [
                "sha256:173a56b41ab3a19315c2fbea6f9aa3f0c17f64ba84acff014d072c64c1844b28"
            ],
            "index": "pypi",
            "version": "==0.6.3"
        }
    },
    "develop": {}
}
